
Microsoft Visual Studio Solution File, Format Version 12.00
# Visual Studio 2017
Project("{FAE04EC0-301F-11D3-BF4B-00C04F79EFBC}") = "PathFindingProject", "PathFindingProject.csproj", "{41772CA0-5F1B-F1BF-E55E-527C622AAE93}"
EndProject
Global
	GlobalSection(SolutionConfigurationPlatforms) = preSolution
		Debug|Any CPU = Debug|Any CPU
		Release|Any CPU = Release|Any CPU
	EndGlobalSection
	GlobalSection(ProjectConfigurationPlatforms) = postSolution
		{41772CA0-5F1B-F1BF-E55E-527C622AAE93}.Debug|Any CPU.ActiveCfg = Debug|Any CPU
		{41772CA0-5F1B-F1BF-E55E-527C622AAE93}.Debug|Any CPU.Build.0 = Debug|Any CPU
		{41772CA0-5F1B-F1BF-E55E-527C622AAE93}.Release|Any CPU.ActiveCfg = Release|Any CPU
		{41772CA0-5F1B-F1BF-E55E-527C622AAE93}.Release|Any CPU.Build.0 = Release|Any CPU
	EndGlobalSection
	GlobalSection(SolutionProperties) = preSolution
		HideSolutionNode = FALSE
	EndGlobalSection
EndGlobal
